
Microsoft Visual Studio Solution File, Format Version 12.00
# Visual Studio Version 17
VisualStudioVersion = 17.5.33516.290
MinimumVisualStudioVersion = 10.0.40219.1
Project("{FAE04EC0-301F-11D3-BF4B-00C04F79EFBC}") = "Multidimensional Arrays", "Multidimensional Arrays.csproj", "{083A190F-E6A0-4F4D-BAF9-3EA32DE0A0E5}"
EndProject
Global
	GlobalSection(SolutionConfigurationPlatforms) = preSolution
		Debug|Any CPU = Debug|Any CPU
		Release|Any CPU = Release|Any CPU
	EndGlobalSection
	GlobalSection(ProjectConfigurationPlatforms) = postSolution
		{083A190F-E6A0-4F4D-BAF9-3EA32DE0A0E5}.Debug|Any CPU.ActiveCfg = Debug|Any CPU
		{083A190F-E6A0-4F4D-BAF9-3EA32DE0A0E5}.Debug|Any CPU.Build.0 = Debug|Any CPU
		{083A190F-E6A0-4F4D-BAF9-3EA32DE0A0E5}.Release|Any CPU.ActiveCfg = Release|Any CPU
		{083A190F-E6A0-4F4D-BAF9-3EA32DE0A0E5}.Release|Any CPU.Build.0 = Release|Any CPU
	EndGlobalSection
	GlobalSection(SolutionProperties) = preSolution
		HideSolutionNode = FALSE
	EndGlobalSection
	GlobalSection(ExtensibilityGlobals) = postSolution
		SolutionGuid = {0D8B482A-802D-4049-8E4C-C71C869497E0}
	EndGlobalSection
EndGlobal
