
Microsoft Visual Studio Solution File, Format Version 12.00
# Visual Studio Version 17
VisualStudioVersion = 17.5.33516.290
MinimumVisualStudioVersion = 10.0.40219.1
Project("{FAE04EC0-301F-11D3-BF4B-00C04F79EFBC}") = "HelloWorld", "HelloWorld\HelloWorld.csproj", "{D51F5083-325E-4574-9902-5D39AC88FB5B}"
EndProject
Global
	GlobalSection(SolutionConfigurationPlatforms) = preSolution
		Debug|Any CPU = Debug|Any CPU
		Release|Any CPU = Release|Any CPU
	EndGlobalSection
	GlobalSection(ProjectConfigurationPlatforms) = postSolution
		{D51F5083-325E-4574-9902-5D39AC88FB5B}.Debug|Any CPU.ActiveCfg = Debug|Any CPU
		{D51F5083-325E-4574-9902-5D39AC88FB5B}.Debug|Any CPU.Build.0 = Debug|Any CPU
		{D51F5083-325E-4574-9902-5D39AC88FB5B}.Release|Any CPU.ActiveCfg = Release|Any CPU
		{D51F5083-325E-4574-9902-5D39AC88FB5B}.Release|Any CPU.Build.0 = Release|Any CPU
	EndGlobalSection
	GlobalSection(SolutionProperties) = preSolution
		HideSolutionNode = FALSE
	EndGlobalSection
	GlobalSection(ExtensibilityGlobals) = postSolution
		SolutionGuid = {C57AD7F2-A248-4ADE-9E62-ECAA111E8FBA}
	EndGlobalSection
EndGlobal
