
Microsoft Visual Studio Solution File, Format Version 12.00
# Visual Studio Version 17
VisualStudioVersion = 17.5.33516.290
MinimumVisualStudioVersion = 10.0.40219.1
Project("{FAE04EC0-301F-11D3-BF4B-00C04F79EFBC}") = "Properties", "Properties.csproj", "{B4A615E0-D2BA-41C8-A812-5EADCA96C191}"
EndProject
Global
	GlobalSection(SolutionConfigurationPlatforms) = preSolution
		Debug|Any CPU = Debug|Any CPU
		Release|Any CPU = Release|Any CPU
	EndGlobalSection
	GlobalSection(ProjectConfigurationPlatforms) = postSolution
		{B4A615E0-D2BA-41C8-A812-5EADCA96C191}.Debug|Any CPU.ActiveCfg = Debug|Any CPU
		{B4A615E0-D2BA-41C8-A812-5EADCA96C191}.Debug|Any CPU.Build.0 = Debug|Any CPU
		{B4A615E0-D2BA-41C8-A812-5EADCA96C191}.Release|Any CPU.ActiveCfg = Release|Any CPU
		{B4A615E0-D2BA-41C8-A812-5EADCA96C191}.Release|Any CPU.Build.0 = Release|Any CPU
	EndGlobalSection
	GlobalSection(SolutionProperties) = preSolution
		HideSolutionNode = FALSE
	EndGlobalSection
	GlobalSection(ExtensibilityGlobals) = postSolution
		SolutionGuid = {CD5CB885-03BA-46A7-BE89-C2906EA94365}
	EndGlobalSection
EndGlobal
