
Microsoft Visual Studio Solution File, Format Version 12.00
# Visual Studio Version 17
VisualStudioVersion = 17.5.33516.290
MinimumVisualStudioVersion = 10.0.40219.1
Project("{FAE04EC0-301F-11D3-BF4B-00C04F79EFBC}") = "Switch", "Switch.csproj", "{8303F5FE-F497-439D-9C5F-3E09DFA0B5E7}"
EndProject
Global
	GlobalSection(SolutionConfigurationPlatforms) = preSolution
		Debug|Any CPU = Debug|Any CPU
		Release|Any CPU = Release|Any CPU
	EndGlobalSection
	GlobalSection(ProjectConfigurationPlatforms) = postSolution
		{8303F5FE-F497-439D-9C5F-3E09DFA0B5E7}.Debug|Any CPU.ActiveCfg = Debug|Any CPU
		{8303F5FE-F497-439D-9C5F-3E09DFA0B5E7}.Debug|Any CPU.Build.0 = Debug|Any CPU
		{8303F5FE-F497-439D-9C5F-3E09DFA0B5E7}.Release|Any CPU.ActiveCfg = Release|Any CPU
		{8303F5FE-F497-439D-9C5F-3E09DFA0B5E7}.Release|Any CPU.Build.0 = Release|Any CPU
	EndGlobalSection
	GlobalSection(SolutionProperties) = preSolution
		HideSolutionNode = FALSE
	EndGlobalSection
	GlobalSection(ExtensibilityGlobals) = postSolution
		SolutionGuid = {1AAD60DB-532B-4642-A432-E6ED99E2FC63}
	EndGlobalSection
EndGlobal
